
Microsoft Visual Studio Solution File, Format Version 12.00
# Visual Studio Version 17
VisualStudioVersion = 17.9.34616.47
MinimumVisualStudioVersion = 10.0.40219.1
Project("{FAE04EC0-301F-11D3-BF4B-00C04F79EFBC}") = "TI1", "TI1.csproj", "{FAA449B4-DBB1-47CF-8AE3-1BFDCF2F1594}"
EndProject
Global
	GlobalSection(SolutionConfigurationPlatforms) = preSolution
		Debug|Any CPU = Debug|Any CPU
		Release|Any CPU = Release|Any CPU
	EndGlobalSection
	GlobalSection(ProjectConfigurationPlatforms) = postSolution
		{FAA449B4-DBB1-47CF-8AE3-1BFDCF2F1594}.Debug|Any CPU.ActiveCfg = Debug|Any CPU
		{FAA449B4-DBB1-47CF-8AE3-1BFDCF2F1594}.Debug|Any CPU.Build.0 = Debug|Any CPU
		{FAA449B4-DBB1-47CF-8AE3-1BFDCF2F1594}.Release|Any CPU.ActiveCfg = Release|Any CPU
		{FAA449B4-DBB1-47CF-8AE3-1BFDCF2F1594}.Release|Any CPU.Build.0 = Release|Any CPU
	EndGlobalSection
	GlobalSection(SolutionProperties) = preSolution
		HideSolutionNode = FALSE
	EndGlobalSection
	GlobalSection(ExtensibilityGlobals) = postSolution
		SolutionGuid = {A0F7E287-5EE9-4793-97E0-CDC2E05EFA30}
	EndGlobalSection
EndGlobal
